
Microsoft Visual Studio Solution File, Format Version 12.00
# Visual Studio 2012
Project("{FAE04EC0-301F-11D3-BF4B-00C04F79EFBC}") = "BLKFlexibleHeightBarDemo", "BLKFlexibleHeightBarDemo\BLKFlexibleHeightBarDemo.csproj", "{AD63F125-CD02-42B8-B28D-8839C51DBBF0}"
EndProject
Global
	GlobalSection(SolutionConfigurationPlatforms) = preSolution
		Debug|iPhoneSimulator = Debug|iPhoneSimulator
		Release|iPhoneSimulator = Release|iPhoneSimulator
		Debug|iPhone = Debug|iPhone
		Release|iPhone = Release|iPhone
		Ad-Hoc|iPhone = Ad-Hoc|iPhone
		AppStore|iPhone = AppStore|iPhone
	EndGlobalSection
	GlobalSection(ProjectConfigurationPlatforms) = postSolution
		{AD63F125-CD02-42B8-B28D-8839C51DBBF0}.Ad-Hoc|iPhone.ActiveCfg = Ad-Hoc|iPhone
		{AD63F125-CD02-42B8-B28D-8839C51DBBF0}.Ad-Hoc|iPhone.Build.0 = Ad-Hoc|iPhone
		{AD63F125-CD02-42B8-B28D-8839C51DBBF0}.AppStore|iPhone.ActiveCfg = AppStore|iPhone
		{AD63F125-CD02-42B8-B28D-8839C51DBBF0}.AppStore|iPhone.Build.0 = AppStore|iPhone
		{AD63F125-CD02-42B8-B28D-8839C51DBBF0}.Debug|iPhone.ActiveCfg = Debug|iPhone
		{AD63F125-CD02-42B8-B28D-8839C51DBBF0}.Debug|iPhone.Build.0 = Debug|iPhone
		{AD63F125-CD02-42B8-B28D-8839C51DBBF0}.Debug|iPhoneSimulator.ActiveCfg = Debug|iPhoneSimulator
		{AD63F125-CD02-42B8-B28D-8839C51DBBF0}.Debug|iPhoneSimulator.Build.0 = Debug|iPhoneSimulator
		{AD63F125-CD02-42B8-B28D-8839C51DBBF0}.Release|iPhone.ActiveCfg = Release|iPhone
		{AD63F125-CD02-42B8-B28D-8839C51DBBF0}.Release|iPhone.Build.0 = Release|iPhone
		{AD63F125-CD02-42B8-B28D-8839C51DBBF0}.Release|iPhoneSimulator.ActiveCfg = Release|iPhoneSimulator
		{AD63F125-CD02-42B8-B28D-8839C51DBBF0}.Release|iPhoneSimulator.Build.0 = Release|iPhoneSimulator
	EndGlobalSection
EndGlobal
